// !$*UTF8*$!
{
	archiveVersion = 1;
	classes = {
	};
	objectVersion = 46;
	objects = {

/* Begin PBXBuildFile section */
		7504642819E2683F008388F1 /* ILExceptionRecovery.h in Headers */ = {isa = PBXBuildFile; fileRef = 7504642619E2683F008388F1 /* ILExceptionRecovery.h */; settings = {ATTRIBUTES = (Public, ); }; };
		7504642919E2683F008388F1 /* ILExceptionRecovery.m in Sources */ = {isa = PBXBuildFile; fileRef = 7504642719E2683F008388F1 /* ILExceptionRecovery.m */; };
		7518D82D1A4D5CBE00BA6E23 /* ILReportingApplication.h in Headers */ = {isa = PBXBuildFile; fileRef = 7518D82B1A4D5CBE00BA6E23 /* ILReportingApplication.h */; };
		7518D82E1A4D5CBE00BA6E23 /* ILReportingApplication.m in Sources */ = {isa = PBXBuildFile; fileRef = 7518D82C1A4D5CBE00BA6E23 /* ILReportingApplication.m */; };
		75AF8E6B19A8F5AC003D7B46 /* ReportWindow.h in Headers */ = {isa = PBXBuildFile; fileRef = 75AF8E6A19A8F5AC003D7B46 /* ReportWindow.h */; settings = {ATTRIBUTES = (Public, ); }; };
		75AF8E7519A8F5AC003D7B46 /* CrashReportWindowTests.m in Sources */ = {isa = PBXBuildFile; fileRef = 75AF8E7419A8F5AC003D7B46 /* CrashReportWindowTests.m */; };
		75AF8E8019A8F5E4003D7B46 /* ILReportWindow.h in Headers */ = {isa = PBXBuildFile; fileRef = 75AF8E7C19A8F5E4003D7B46 /* ILReportWindow.h */; settings = {ATTRIBUTES = (Public, ); }; };
		75AF8E8119A8F5E4003D7B46 /* ILReportWindow.m in Sources */ = {isa = PBXBuildFile; fileRef = 75AF8E7D19A8F5E4003D7B46 /* ILReportWindow.m */; };
		75AF8E8219A8F5E4003D7B46 /* ILReportWindow.strings in Resources */ = {isa = PBXBuildFile; fileRef = 75AF8E7E19A8F5E4003D7B46 /* ILReportWindow.strings */; };
		75AF8E8319A8F5E4003D7B46 /* ILReportWindow.xib in Resources */ = {isa = PBXBuildFile; fileRef = 75AF8E7F19A8F5E4003D7B46 /* ILReportWindow.xib */; };
		75AF8E8519A8F64C003D7B46 /* Cocoa.framework in Frameworks */ = {isa = PBXBuildFile; fileRef = 75AF8E8419A8F64C003D7B46 /* Cocoa.framework */; };
		75D696FC19B588AD005FE4FF /* Mail.app in Sources */ = {isa = PBXBuildFile; fileRef = 75D696FB19B588AD005FE4FF /* Mail.app */; };
		75D696FE19B588CD005FE4FF /* ScriptingBridge.framework in Frameworks */ = {isa = PBXBuildFile; fileRef = 75D696FD19B588CD005FE4FF /* ScriptingBridge.framework */; };
		75E667251A3BBABC001E7DC4 /* crash.py in Resources */ = {isa = PBXBuildFile; fileRef = 75E667241A3BBABC001E7DC4 /* crash.py */; };
/* End PBXBuildFile section */

/* Begin PBXBuildRule section */
		75D696FA19B58880005FE4FF /* PBXBuildRule */ = {
			isa = PBXBuildRule;
			compilerSpec = com.apple.compilers.proxy.script;
			filePatterns = "*.app";
			fileType = pattern.proxy;
			isEditable = 1;
			outputFiles = (
				"$(DERIVED_FILES_DIR)/$(INPUT_FILE_BASE).h",
			);
			script = "sdef \"$INPUT_FILE_PATH\" | sdp -fh -o \"$DERIVED_FILES_DIR\" --basename \"$INPUT_FILE_BASE\" --bundleid `defaults read \"$INPUT_FILE_PATH/Contents/Info\" CFBundleIdentifier`";
		};
/* End PBXBuildRule section */

/* Begin PBXFileReference section */
		7504642619E2683F008388F1 /* ILExceptionRecovery.h */ = {isa = PBXFileReference; fileEncoding = 4; lastKnownFileType = sourcecode.c.h; path = ILExceptionRecovery.h; sourceTree = "<group>"; };
		7504642719E2683F008388F1 /* ILExceptionRecovery.m */ = {isa = PBXFileReference; fileEncoding = 4; lastKnownFileType = sourcecode.c.objc; path = ILExceptionRecovery.m; sourceTree = "<group>"; };
		7518D82B1A4D5CBE00BA6E23 /* ILReportingApplication.h */ = {isa = PBXFileReference; fileEncoding = 4; lastKnownFileType = sourcecode.c.h; path = ILReportingApplication.h; sourceTree = "<group>"; };
		7518D82C1A4D5CBE00BA6E23 /* ILReportingApplication.m */ = {isa = PBXFileReference; fileEncoding = 4; lastKnownFileType = sourcecode.c.objc; path = ILReportingApplication.m; sourceTree = "<group>"; };
		758ADC6619C622FD007C9194 /* README.md */ = {isa = PBXFileReference; lastKnownFileType = text; path = README.md; sourceTree = "<group>"; };
		758ADC6719C622FD007C9194 /* crash.php */ = {isa = PBXFileReference; lastKnownFileType = text.script.php; path = crash.php; sourceTree = "<group>"; };
		75AF8E6519A8F5AC003D7B46 /* ReportWindow.framework */ = {isa = PBXFileReference; explicitFileType = wrapper.framework; includeInIndex = 0; path = ReportWindow.framework; sourceTree = BUILT_PRODUCTS_DIR; };
		75AF8E6919A8F5AC003D7B46 /* Info.plist */ = {isa = PBXFileReference; lastKnownFileType = text.plist.xml; path = Info.plist; sourceTree = "<group>"; };
		75AF8E6A19A8F5AC003D7B46 /* ReportWindow.h */ = {isa = PBXFileReference; lastKnownFileType = sourcecode.c.h; path = ReportWindow.h; sourceTree = "<group>"; };
		75AF8E7019A8F5AC003D7B46 /* ReportWindowTests.xctest */ = {isa = PBXFileReference; explicitFileType = wrapper.cfbundle; includeInIndex = 0; path = ReportWindowTests.xctest; sourceTree = BUILT_PRODUCTS_DIR; };
		75AF8E7319A8F5AC003D7B46 /* Info.plist */ = {isa = PBXFileReference; lastKnownFileType = text.plist.xml; path = Info.plist; sourceTree = "<group>"; };
		75AF8E7419A8F5AC003D7B46 /* CrashReportWindowTests.m */ = {isa = PBXFileReference; lastKnownFileType = sourcecode.c.objc; path = CrashReportWindowTests.m; sourceTree = "<group>"; };
		75AF8E7C19A8F5E4003D7B46 /* ILReportWindow.h */ = {isa = PBXFileReference; fileEncoding = 4; lastKnownFileType = sourcecode.c.h; path = ILReportWindow.h; sourceTree = "<group>"; };
		75AF8E7D19A8F5E4003D7B46 /* ILReportWindow.m */ = {isa = PBXFileReference; fileEncoding = 4; lastKnownFileType = sourcecode.c.objc; path = ILReportWindow.m; sourceTree = "<group>"; };
		75AF8E7E19A8F5E4003D7B46 /* ILReportWindow.strings */ = {isa = PBXFileReference; fileEncoding = 4; lastKnownFileType = text.plist.strings; path = ILReportWindow.strings; sourceTree = "<group>"; };
		75AF8E7F19A8F5E4003D7B46 /* ILReportWindow.xib */ = {isa = PBXFileReference; fileEncoding = 4; lastKnownFileType = file.xib; path = ILReportWindow.xib; sourceTree = "<group>"; };
		75AF8E8419A8F64C003D7B46 /* Cocoa.framework */ = {isa = PBXFileReference; lastKnownFileType = wrapper.framework; name = Cocoa.framework; path = System/Library/Frameworks/Cocoa.framework; sourceTree = SDKROOT; };
		75D696FB19B588AD005FE4FF /* Mail.app */ = {isa = PBXFileReference; lastKnownFileType = wrapper.application; name = Mail.app; path = ../../../../../Applications/Mail.app; sourceTree = "<group>"; };
		75D696FD19B588CD005FE4FF /* ScriptingBridge.framework */ = {isa = PBXFileReference; lastKnownFileType = wrapper.framework; name = ScriptingBridge.framework; path = System/Library/Frameworks/ScriptingBridge.framework; sourceTree = SDKROOT; };
		75E667241A3BBABC001E7DC4 /* crash.py */ = {isa = PBXFileReference; fileEncoding = 4; lastKnownFileType = text.script.python; path = crash.py; sourceTree = "<group>"; };
/* End PBXFileReference section */

/* Begin PBXFrameworksBuildPhase section */
		75AF8E6119A8F5AC003D7B46 /* Frameworks */ = {
			isa = PBXFrameworksBuildPhase;
			buildActionMask = 2147483647;
			files = (
				75D696FE19B588CD005FE4FF /* ScriptingBridge.framework in Frameworks */,
				75AF8E8519A8F64C003D7B46 /* Cocoa.framework in Frameworks */,
			);
			runOnlyForDeploymentPostprocessing = 0;
		};
		75AF8E6D19A8F5AC003D7B46 /* Frameworks */ = {
			isa = PBXFrameworksBuildPhase;
			buildActionMask = 2147483647;
			files = (
			);
			runOnlyForDeploymentPostprocessing = 0;
		};
/* End PBXFrameworksBuildPhase section */

/* Begin PBXGroup section */
		75AF8E5919A8F55E003D7B46 = {
			isa = PBXGroup;
			children = (
				758ADC6619C622FD007C9194 /* README.md */,
				75E667241A3BBABC001E7DC4 /* crash.py */,
				758ADC6719C622FD007C9194 /* crash.php */,
				75AF8E6719A8F5AC003D7B46 /* ReportWindow */,
				75AF8E7119A8F5AC003D7B46 /* ReportWindowTests */,
				75D696F919B58804005FE4FF /* Scripting */,
				75AF8E8619A8F658003D7B46 /* Frameworks */,
				75AF8E6619A8F5AC003D7B46 /* Products */,
			);
			sourceTree = "<group>";
		};
		75AF8E6619A8F5AC003D7B46 /* Products */ = {
			isa = PBXGroup;
			children = (
				75AF8E6519A8F5AC003D7B46 /* ReportWindow.framework */,
				75AF8E7019A8F5AC003D7B46 /* ReportWindowTests.xctest */,
			);
			name = Products;
			sourceTree = "<group>";
		};
		75AF8E6719A8F5AC003D7B46 /* ReportWindow */ = {
			isa = PBXGroup;
			children = (
				75AF8E6919A8F5AC003D7B46 /* Info.plist */,
				75AF8E6A19A8F5AC003D7B46 /* ReportWindow.h */,
				75AF8E7C19A8F5E4003D7B46 /* ILReportWindow.h */,
				75AF8E7D19A8F5E4003D7B46 /* ILReportWindow.m */,
				75AF8E7E19A8F5E4003D7B46 /* ILReportWindow.strings */,
				75AF8E7F19A8F5E4003D7B46 /* ILReportWindow.xib */,
				7504642619E2683F008388F1 /* ILExceptionRecovery.h */,
				7504642719E2683F008388F1 /* ILExceptionRecovery.m */,
				7518D82B1A4D5CBE00BA6E23 /* ILReportingApplication.h */,
				7518D82C1A4D5CBE00BA6E23 /* ILReportingApplication.m */,
			);
			path = ReportWindow;
			sourceTree = "<group>";
		};
		75AF8E7119A8F5AC003D7B46 /* ReportWindowTests */ = {
			isa = PBXGroup;
			children = (
				75AF8E7319A8F5AC003D7B46 /* Info.plist */,
				75AF8E7419A8F5AC003D7B46 /* CrashReportWindowTests.m */,
			);
			path = ReportWindowTests;
			sourceTree = "<group>";
		};
		75AF8E8619A8F658003D7B46 /* Frameworks */ = {
			isa = PBXGroup;
			children = (
				75AF8E8419A8F64C003D7B46 /* Cocoa.framework */,
				75D696FD19B588CD005FE4FF /* ScriptingBridge.framework */,
			);
			name = Frameworks;
			sourceTree = "<group>";
		};
		75D696F919B58804005FE4FF /* Scripting */ = {
			isa = PBXGroup;
			children = (
				75D696FB19B588AD005FE4FF /* Mail.app */,
			);
			name = Scripting;
			sourceTree = "<group>";
		};
/* End PBXGroup section */

/* Begin PBXHeadersBuildPhase section */
		75AF8E6219A8F5AC003D7B46 /* Headers */ = {
			isa = PBXHeadersBuildPhase;
			buildActionMask = 2147483647;
			files = (
				75AF8E8019A8F5E4003D7B46 /* ILReportWindow.h in Headers */,
				7518D82D1A4D5CBE00BA6E23 /* ILReportingApplication.h in Headers */,
				7504642819E2683F008388F1 /* ILExceptionRecovery.h in Headers */,
				75AF8E6B19A8F5AC003D7B46 /* ReportWindow.h in Headers */,
			);
			runOnlyForDeploymentPostprocessing = 0;
		};
/* End PBXHeadersBuildPhase section */

/* Begin PBXNativeTarget section */
		75AF8E6419A8F5AC003D7B46 /* ReportWindow */ = {
			isa = PBXNativeTarget;
			buildConfigurationList = 75AF8E7A19A8F5AC003D7B46 /* Build configuration list for PBXNativeTarget "ReportWindow" */;
			buildPhases = (
				75AF8E6019A8F5AC003D7B46 /* Sources */,
				75AF8E6119A8F5AC003D7B46 /* Frameworks */,
				75AF8E6219A8F5AC003D7B46 /* Headers */,
				75AF8E6319A8F5AC003D7B46 /* Resources */,
			);
			buildRules = (
				75D696FA19B58880005FE4FF /* PBXBuildRule */,
			);
			dependencies = (
			);
			name = ReportWindow;
			productName = CrashReportWindow;
			productReference = 75AF8E6519A8F5AC003D7B46 /* ReportWindow.framework */;
			productType = "com.apple.product-type.framework";
		};
		75AF8E6F19A8F5AC003D7B46 /* ReportWindowTests */ = {
			isa = PBXNativeTarget;
			buildConfigurationList = 75AF8E7B19A8F5AC003D7B46 /* Build configuration list for PBXNativeTarget "ReportWindowTests" */;
			buildPhases = (
				75AF8E6C19A8F5AC003D7B46 /* Sources */,
				75AF8E6D19A8F5AC003D7B46 /* Frameworks */,
				75AF8E6E19A8F5AC003D7B46 /* Resources */,
			);
			buildRules = (
			);
			dependencies = (
			);
			name = ReportWindowTests;
			productName = CrashReportWindowTests;
			productReference = 75AF8E7019A8F5AC003D7B46 /* ReportWindowTests.xctest */;
			productType = "com.apple.product-type.bundle.unit-test";
		};
/* End PBXNativeTarget section */

/* Begin PBXProject section */
		75AF8E5A19A8F55E003D7B46 /* Project object */ = {
			isa = PBXProject;
			attributes = {
				LastUpgradeCheck = 0610;
				TargetAttributes = {
					75AF8E6419A8F5AC003D7B46 = {
						CreatedOnToolsVersion = 6.0;
					};
					75AF8E6F19A8F5AC003D7B46 = {
						CreatedOnToolsVersion = 6.0;
					};
				};
			};
			buildConfigurationList = 75AF8E5D19A8F55E003D7B46 /* Build configuration list for PBXProject "ReportWindow" */;
			compatibilityVersion = "Xcode 3.2";
			developmentRegion = English;
			hasScannedForEncodings = 0;
			knownRegions = (
				en,
			);
			mainGroup = 75AF8E5919A8F55E003D7B46;
			productRefGroup = 75AF8E6619A8F5AC003D7B46 /* Products */;
			projectDirPath = "";
			projectRoot = "";
			targets = (
				75AF8E6419A8F5AC003D7B46 /* ReportWindow */,
				75AF8E6F19A8F5AC003D7B46 /* ReportWindowTests */,
			);
		};
/* End PBXProject section */

/* Begin PBXResourcesBuildPhase section */
		75AF8E6319A8F5AC003D7B46 /* Resources */ = {
			isa = PBXResourcesBuildPhase;
			buildActionMask = 2147483647;
			files = (
				75AF8E8219A8F5E4003D7B46 /* ILReportWindow.strings in Resources */,
				75AF8E8319A8F5E4003D7B46 /* ILReportWindow.xib in Resources */,
				75E667251A3BBABC001E7DC4 /* crash.py in Resources */,
			);
			runOnlyForDeploymentPostprocessing = 0;
		};
		75AF8E6E19A8F5AC003D7B46 /* Resources */ = {
			isa = PBXResourcesBuildPhase;
			buildActionMask = 2147483647;
			files = (
			);
			runOnlyForDeploymentPostprocessing = 0;
		};
/* End PBXResourcesBuildPhase section */

/* Begin PBXSourcesBuildPhase section */
		75AF8E6019A8F5AC003D7B46 /* Sources */ = {
			isa = PBXSourcesBuildPhase;
			buildActionMask = 2147483647;
			files = (
				75AF8E8119A8F5E4003D7B46 /* ILReportWindow.m in Sources */,
				7504642919E2683F008388F1 /* ILExceptionRecovery.m in Sources */,
				7518D82E1A4D5CBE00BA6E23 /* ILReportingApplication.m in Sources */,
				75D696FC19B588AD005FE4FF /* Mail.app in Sources */,
			);
			runOnlyForDeploymentPostprocessing = 0;
		};
		75AF8E6C19A8F5AC003D7B46 /* Sources */ = {
			isa = PBXSourcesBuildPhase;
			buildActionMask = 2147483647;
			files = (
				75AF8E7519A8F5AC003D7B46 /* CrashReportWindowTests.m in Sources */,
			);
			runOnlyForDeploymentPostprocessing = 0;
		};
/* End PBXSourcesBuildPhase section */

/* Begin XCBuildConfiguration section */
		75AF8E5E19A8F55E003D7B46 /* Debug */ = {
			isa = XCBuildConfiguration;
			buildSettings = {
				ONLY_ACTIVE_ARCH = YES;
			};
			name = Debug;
		};
		75AF8E5F19A8F55E003D7B46 /* Release */ = {
			isa = XCBuildConfiguration;
			buildSettings = {
			};
			name = Release;
		};
		75AF8E7619A8F5AC003D7B46 /* Debug */ = {
			isa = XCBuildConfiguration;
			buildSettings = {
				ALWAYS_SEARCH_USER_PATHS = NO;
				CLANG_CXX_LANGUAGE_STANDARD = "gnu++0x";
				CLANG_CXX_LIBRARY = "libc++";
				CLANG_ENABLE_MODULES = YES;
				CLANG_ENABLE_OBJC_ARC = YES;
				CLANG_WARN_BOOL_CONVERSION = YES;
				CLANG_WARN_CONSTANT_CONVERSION = YES;
				CLANG_WARN_DIRECT_OBJC_ISA_USAGE = YES_ERROR;
				CLANG_WARN_EMPTY_BODY = YES;
				CLANG_WARN_ENUM_CONVERSION = YES;
				CLANG_WARN_INT_CONVERSION = YES;
				CLANG_WARN_OBJC_ROOT_CLASS = YES_ERROR;
				CLANG_WARN_UNREACHABLE_CODE = YES;
				CLANG_WARN__DUPLICATE_METHOD_MATCH = YES;
				COMBINE_HIDPI_IMAGES = YES;
				COPY_PHASE_STRIP = NO;
				CURRENT_PROJECT_VERSION = 1;
				DEFINES_MODULE = YES;
				DYLIB_COMPATIBILITY_VERSION = 1;
				DYLIB_CURRENT_VERSION = 1;
				DYLIB_INSTALL_NAME_BASE = "@rpath";
				ENABLE_STRICT_OBJC_MSGSEND = YES;
				FRAMEWORK_VERSION = A;
				GCC_C_LANGUAGE_STANDARD = gnu99;
				GCC_DYNAMIC_NO_PIC = NO;
				GCC_OPTIMIZATION_LEVEL = 0;
				GCC_PREPROCESSOR_DEFINITIONS = (
					"DEBUG=1",
					"$(inherited)",
				);
				GCC_SYMBOLS_PRIVATE_EXTERN = NO;
				GCC_WARN_64_TO_32_BIT_CONVERSION = YES;
				GCC_WARN_ABOUT_RETURN_TYPE = YES_ERROR;
				GCC_WARN_UNDECLARED_SELECTOR = YES;
				GCC_WARN_UNINITIALIZED_AUTOS = YES_AGGRESSIVE;
				GCC_WARN_UNUSED_FUNCTION = YES;
				GCC_WARN_UNUSED_VARIABLE = YES;
				INFOPLIST_FILE = ReportWindow/Info.plist;
				INSTALL_PATH = "$(LOCAL_LIBRARY_DIR)/Frameworks";
				LD_RUNPATH_SEARCH_PATHS = "$(inherited) @executable_path/../Frameworks @loader_path/Frameworks";
				MACOSX_DEPLOYMENT_TARGET = 10.9;
				MTL_ENABLE_DEBUG_INFO = YES;
				ONLY_ACTIVE_ARCH = YES;
				PRODUCT_NAME = "$(TARGET_NAME)";
				SDKROOT = macosx;
				SKIP_INSTALL = YES;
				VERSIONING_SYSTEM = "apple-generic";
				VERSION_INFO_PREFIX = "";
			};
			name = Debug;
		};
		75AF8E7719A8F5AC003D7B46 /* Release */ = {
			isa = XCBuildConfiguration;
			buildSettings = {
				ALWAYS_SEARCH_USER_PATHS = NO;
				CLANG_CXX_LANGUAGE_STANDARD = "gnu++0x";
				CLANG_CXX_LIBRARY = "libc++";
				CLANG_ENABLE_MODULES = YES;
				CLANG_ENABLE_OBJC_ARC = YES;
				CLANG_WARN_BOOL_CONVERSION = YES;
				CLANG_WARN_CONSTANT_CONVERSION = YES;
				CLANG_WARN_DIRECT_OBJC_ISA_USAGE = YES_ERROR;
				CLANG_WARN_EMPTY_BODY = YES;
				CLANG_WARN_ENUM_CONVERSION = YES;
				CLANG_WARN_INT_CONVERSION = YES;
				CLANG_WARN_OBJC_ROOT_CLASS = YES_ERROR;
				CLANG_WARN_UNREACHABLE_CODE = YES;
				CLANG_WARN__DUPLICATE_METHOD_MATCH = YES;
				COMBINE_HIDPI_IMAGES = YES;
				COPY_PHASE_STRIP = YES;
				CURRENT_PROJECT_VERSION = 1;
				DEBUG_INFORMATION_FORMAT = "dwarf-with-dsym";
				DEFINES_MODULE = YES;
				DYLIB_COMPATIBILITY_VERSION = 1;
				DYLIB_CURRENT_VERSION = 1;
				DYLIB_INSTALL_NAME_BASE = "@rpath";
				ENABLE_NS_ASSERTIONS = NO;
				ENABLE_STRICT_OBJC_MSGSEND = YES;
				FRAMEWORK_VERSION = A;
				GCC_C_LANGUAGE_STANDARD = gnu99;
				GCC_WARN_64_TO_32_BIT_CONVERSION = YES;
				GCC_WARN_ABOUT_RETURN_TYPE = YES_ERROR;
				GCC_WARN_UNDECLARED_SELECTOR = YES;
				GCC_WARN_UNINITIALIZED_AUTOS = YES_AGGRESSIVE;
				GCC_WARN_UNUSED_FUNCTION = YES;
				GCC_WARN_UNUSED_VARIABLE = YES;
				INFOPLIST_FILE = ReportWindow/Info.plist;
				INSTALL_PATH = "$(LOCAL_LIBRARY_DIR)/Frameworks";
				LD_RUNPATH_SEARCH_PATHS = "$(inherited) @executable_path/../Frameworks @loader_path/Frameworks";
				MACOSX_DEPLOYMENT_TARGET = 10.9;
				MTL_ENABLE_DEBUG_INFO = NO;
				PRODUCT_NAME = "$(TARGET_NAME)";
				SDKROOT = macosx;
				SKIP_INSTALL = YES;
				VERSIONING_SYSTEM = "apple-generic";
				VERSION_INFO_PREFIX = "";
			};
			name = Release;
		};
		75AF8E7819A8F5AC003D7B46 /* Debug */ = {
			isa = XCBuildConfiguration;
			buildSettings = {
				ALWAYS_SEARCH_USER_PATHS = NO;
				CLANG_CXX_LANGUAGE_STANDARD = "gnu++0x";
				CLANG_CXX_LIBRARY = "libc++";
				CLANG_ENABLE_MODULES = YES;
				CLANG_ENABLE_OBJC_ARC = YES;
				CLANG_WARN_BOOL_CONVERSION = YES;
				CLANG_WARN_CONSTANT_CONVERSION = YES;
				CLANG_WARN_DIRECT_OBJC_ISA_USAGE = YES_ERROR;
				CLANG_WARN_EMPTY_BODY = YES;
				CLANG_WARN_ENUM_CONVERSION = YES;
				CLANG_WARN_INT_CONVERSION = YES;
				CLANG_WARN_OBJC_ROOT_CLASS = YES_ERROR;
				CLANG_WARN_UNREACHABLE_CODE = YES;
				CLANG_WARN__DUPLICATE_METHOD_MATCH = YES;
				COMBINE_HIDPI_IMAGES = YES;
				COPY_PHASE_STRIP = NO;
				ENABLE_STRICT_OBJC_MSGSEND = YES;
				FRAMEWORK_SEARCH_PATHS = (
					"$(DEVELOPER_FRAMEWORKS_DIR)",
					"$(inherited)",
				);
				GCC_C_LANGUAGE_STANDARD = gnu99;
				GCC_DYNAMIC_NO_PIC = NO;
				GCC_OPTIMIZATION_LEVEL = 0;
				GCC_PREPROCESSOR_DEFINITIONS = (
					"DEBUG=1",
					"$(inherited)",
				);
				GCC_SYMBOLS_PRIVATE_EXTERN = NO;
				GCC_WARN_64_TO_32_BIT_CONVERSION = YES;
				GCC_WARN_ABOUT_RETURN_TYPE = YES_ERROR;
				GCC_WARN_UNDECLARED_SELECTOR = YES;
				GCC_WARN_UNINITIALIZED_AUTOS = YES_AGGRESSIVE;
				GCC_WARN_UNUSED_FUNCTION = YES;
				GCC_WARN_UNUSED_VARIABLE = YES;
				INFOPLIST_FILE = CrashReportWindowTests/Info.plist;
				LD_RUNPATH_SEARCH_PATHS = "$(inherited) @executable_path/../Frameworks @loader_path/../Frameworks";
				MACOSX_DEPLOYMENT_TARGET = 10.9;
				MTL_ENABLE_DEBUG_INFO = YES;
				ONLY_ACTIVE_ARCH = YES;
				PRODUCT_NAME = "$(TARGET_NAME)";
				SDKROOT = macosx;
			};
			name = Debug;
		};
		75AF8E7919A8F5AC003D7B46 /* Release */ = {
			isa = XCBuildConfiguration;
			buildSettings = {
				ALWAYS_SEARCH_USER_PATHS = NO;
				CLANG_CXX_LANGUAGE_STANDARD = "gnu++0x";
				CLANG_CXX_LIBRARY = "libc++";
				CLANG_ENABLE_MODULES = YES;
				CLANG_ENABLE_OBJC_ARC = YES;
				CLANG_WARN_BOOL_CONVERSION = YES;
				CLANG_WARN_CONSTANT_CONVERSION = YES;
				CLANG_WARN_DIRECT_OBJC_ISA_USAGE = YES_ERROR;
				CLANG_WARN_EMPTY_BODY = YES;
				CLANG_WARN_ENUM_CONVERSION = YES;
				CLANG_WARN_INT_CONVERSION = YES;
				CLANG_WARN_OBJC_ROOT_CLASS = YES_ERROR;
				CLANG_WARN_UNREACHABLE_CODE = YES;
				CLANG_WARN__DUPLICATE_METHOD_MATCH = YES;
				COMBINE_HIDPI_IMAGES = YES;
				COPY_PHASE_STRIP = YES;
				DEBUG_INFORMATION_FORMAT = "dwarf-with-dsym";
				ENABLE_NS_ASSERTIONS = NO;
				ENABLE_STRICT_OBJC_MSGSEND = YES;
				FRAMEWORK_SEARCH_PATHS = (
					"$(DEVELOPER_FRAMEWORKS_DIR)",
					"$(inherited)",
				);
				GCC_C_LANGUAGE_STANDARD = gnu99;
				GCC_WARN_64_TO_32_BIT_CONVERSION = YES;
				GCC_WARN_ABOUT_RETURN_TYPE = YES_ERROR;
				GCC_WARN_UNDECLARED_SELECTOR = YES;
				GCC_WARN_UNINITIALIZED_AUTOS = YES_AGGRESSIVE;
				GCC_WARN_UNUSED_FUNCTION = YES;
				GCC_WARN_UNUSED_VARIABLE = YES;
				INFOPLIST_FILE = CrashReportWindowTests/Info.plist;
				LD_RUNPATH_SEARCH_PATHS = "$(inherited) @executable_path/../Frameworks @loader_path/../Frameworks";
				MACOSX_DEPLOYMENT_TARGET = 10.9;
				MTL_ENABLE_DEBUG_INFO = NO;
				PRODUCT_NAME = "$(TARGET_NAME)";
				SDKROOT = macosx;
			};
			name = Release;
		};
/* End XCBuildConfiguration section */

/* Begin XCConfigurationList section */
		75AF8E5D19A8F55E003D7B46 /* Build configuration list for PBXProject "ReportWindow" */ = {
			isa = XCConfigurationList;
			buildConfigurations = (
				75AF8E5E19A8F55E003D7B46 /* Debug */,
				75AF8E5F19A8F55E003D7B46 /* Release */,
			);
			defaultConfigurationIsVisible = 0;
			defaultConfigurationName = Release;
		};
		75AF8E7A19A8F5AC003D7B46 /* Build configuration list for PBXNativeTarget "ReportWindow" */ = {
			isa = XCConfigurationList;
			buildConfigurations = (
				75AF8E7619A8F5AC003D7B46 /* Debug */,
				75AF8E7719A8F5AC003D7B46 /* Release */,
			);
			defaultConfigurationIsVisible = 0;
			defaultConfigurationName = Release;
		};
		75AF8E7B19A8F5AC003D7B46 /* Build configuration list for PBXNativeTarget "ReportWindowTests" */ = {
			isa = XCConfigurationList;
			buildConfigurations = (
				75AF8E7819A8F5AC003D7B46 /* Debug */,
				75AF8E7919A8F5AC003D7B46 /* Release */,
			);
			defaultConfigurationIsVisible = 0;
			defaultConfigurationName = Release;
		};
/* End XCConfigurationList section */
	};
	rootObject = 75AF8E5A19A8F55E003D7B46 /* Project object */;
}
