// !$*UTF8*$!
{
	archiveVersion = 1;
	classes = {
	};
	objectVersion = 46;
	objects = {

/* Begin PBXBuildFile section */
		7504642819E2683F008388F1 /* ILExceptionRecovery.h in Headers */ = {isa = PBXBuildFile; fileRef = 7504642619E2683F008388F1 /* ILExceptionRecovery.h */; settings = {ATTRIBUTES = (Public, ); }; };
		7504642919E2683F008388F1 /* ILExceptionRecovery.m in Sources */ = {isa = PBXBuildFile; fileRef = 7504642719E2683F008388F1 /* ILExceptionRecovery.m */; };
		7518D82D1A4D5CBE00BA6E23 /* ILReportingApplication.h in Headers */ = {isa = PBXBuildFile; fileRef = 7518D82B1A4D5CBE00BA6E23 /* ILReportingApplication.h */; settings = {ATTRIBUTES = (Public, ); }; };
		7518D82E1A4D5CBE00BA6E23 /* ILReportingApplication.m in Sources */ = {isa = PBXBuildFile; fileRef = 7518D82C1A4D5CBE00BA6E23 /* ILReportingApplication.m */; };
		7552D96621619DC3004FF8C8 /* ReportWindow.strings in Resources */ = {isa = PBXBuildFile; fileRef = 7552D96321619DC2004FF8C8 /* ReportWindow.strings */; };
		7552D97821619EC1004FF8C8 /* ILExceptionRecovery.m in Sources */ = {isa = PBXBuildFile; fileRef = 7504642719E2683F008388F1 /* ILExceptionRecovery.m */; };
		7552D97921619EC1004FF8C8 /* ILReportWindow.m in Sources */ = {isa = PBXBuildFile; fileRef = 75A2DEBE1F76F9E800BFE0B2 /* ILReportWindow.m */; };
		7552D97A21619EC1004FF8C8 /* ILReportingApplication.m in Sources */ = {isa = PBXBuildFile; fileRef = 7518D82C1A4D5CBE00BA6E23 /* ILReportingApplication.m */; };
		7552D97E21619EC1004FF8C8 /* ReportWindow.h in Headers */ = {isa = PBXBuildFile; fileRef = 75AF8E6A19A8F5AC003D7B46 /* ReportWindow.h */; settings = {ATTRIBUTES = (Public, ); }; };
		7552D97F21619EC1004FF8C8 /* ILReportWindow.h in Headers */ = {isa = PBXBuildFile; fileRef = 75A2DEBF1F76F9E900BFE0B2 /* ILReportWindow.h */; settings = {ATTRIBUTES = (Public, ); }; };
		7552D98021619EC1004FF8C8 /* ILExceptionRecovery.h in Headers */ = {isa = PBXBuildFile; fileRef = 7504642619E2683F008388F1 /* ILExceptionRecovery.h */; settings = {ATTRIBUTES = (Public, ); }; };
		7552D98121619EC1004FF8C8 /* ILReportingApplication.h in Headers */ = {isa = PBXBuildFile; fileRef = 7518D82B1A4D5CBE00BA6E23 /* ILReportingApplication.h */; settings = {ATTRIBUTES = (Public, ); }; };
		7552D98321619EC1004FF8C8 /* ReportWindow.strings in Resources */ = {isa = PBXBuildFile; fileRef = 7552D96321619DC2004FF8C8 /* ReportWindow.strings */; };
		7552D99321619EEC004FF8C8 /* SparkKit.framework in Frameworks */ = {isa = PBXBuildFile; fileRef = 7578304120F3163B00159E5F /* SparkKit.framework */; };
		7552D99A2161A16A004FF8C8 /* ILReportWindow.xib in Resources */ = {isa = PBXBuildFile; fileRef = 7552D99C2161A16A004FF8C8 /* ILReportWindow.xib */; };
		7578304820F316B400159E5F /* SparkKit.framework in Frameworks */ = {isa = PBXBuildFile; fileRef = 7578303D20F3163B00159E5F /* SparkKit.framework */; };
		75A2DEC01F76F9E900BFE0B2 /* ILReportWindow.m in Sources */ = {isa = PBXBuildFile; fileRef = 75A2DEBE1F76F9E800BFE0B2 /* ILReportWindow.m */; };
		75A2DEC11F76F9E900BFE0B2 /* ILReportWindow.h in Headers */ = {isa = PBXBuildFile; fileRef = 75A2DEBF1F76F9E900BFE0B2 /* ILReportWindow.h */; settings = {ATTRIBUTES = (Public, ); }; };
		75AF8E6B19A8F5AC003D7B46 /* ReportWindow.h in Headers */ = {isa = PBXBuildFile; fileRef = 75AF8E6A19A8F5AC003D7B46 /* ReportWindow.h */; settings = {ATTRIBUTES = (Public, ); }; };
		75DF1AC520796FAE0026BBD8 /* ILReportWindow.xib in Resources */ = {isa = PBXBuildFile; fileRef = 75DF1AC320796FAE0026BBD8 /* ILReportWindow.xib */; };
/* End PBXBuildFile section */

/* Begin PBXBuildRule section */
		7552D98521619EC1004FF8C8 /* PBXBuildRule */ = {
			isa = PBXBuildRule;
			compilerSpec = com.apple.compilers.proxy.script;
			filePatterns = "*.app";
			fileType = pattern.proxy;
			isEditable = 1;
			outputFiles = (
				"$(DERIVED_FILES_DIR)/$(INPUT_FILE_BASE).h",
			);
			script = "sdef \"$INPUT_FILE_PATH\" | sdp -fh -o \"$DERIVED_FILES_DIR\" --basename \"$INPUT_FILE_BASE\" --bundleid com.apple.mail\n";
		};
		75D696FA19B58880005FE4FF /* PBXBuildRule */ = {
			isa = PBXBuildRule;
			compilerSpec = com.apple.compilers.proxy.script;
			filePatterns = "*.app";
			fileType = pattern.proxy;
			isEditable = 1;
			outputFiles = (
				"$(DERIVED_FILES_DIR)/$(INPUT_FILE_BASE).h",
			);
			script = "sdef \"$INPUT_FILE_PATH\" | sdp -fh -o \"$DERIVED_FILES_DIR\" --basename \"$INPUT_FILE_BASE\" --bundleid com.apple.mail\n";
		};
/* End PBXBuildRule section */

/* Begin PBXContainerItemProxy section */
		7552D98D21619EE5004FF8C8 /* PBXContainerItemProxy */ = {
			isa = PBXContainerItemProxy;
			containerPortal = 7578303420F3163B00159E5F /* SparkKit.xcodeproj */;
			proxyType = 1;
			remoteGlobalIDString = 75F5A93D1D1A134A00A17804;
			remoteInfo = "SparkKit (iOS)";
		};
		7578303C20F3163B00159E5F /* PBXContainerItemProxy */ = {
			isa = PBXContainerItemProxy;
			containerPortal = 7578303420F3163B00159E5F /* SparkKit.xcodeproj */;
			proxyType = 2;
			remoteGlobalIDString = 75971DEF1D138C0400EA65D3;
			remoteInfo = "SparkKit (macOS)";
		};
		7578303E20F3163B00159E5F /* PBXContainerItemProxy */ = {
			isa = PBXContainerItemProxy;
			containerPortal = 7578303420F3163B00159E5F /* SparkKit.xcodeproj */;
			proxyType = 2;
			remoteGlobalIDString = 75F5A9081D1902C500A17804;
			remoteInfo = "Sparky (macOS)";
		};
		7578304020F3163B00159E5F /* PBXContainerItemProxy */ = {
			isa = PBXContainerItemProxy;
			containerPortal = 7578303420F3163B00159E5F /* SparkKit.xcodeproj */;
			proxyType = 2;
			remoteGlobalIDString = 75F5A9511D1A134A00A17804;
			remoteInfo = "SparkKit (iOS)";
		};
		7578304220F3163B00159E5F /* PBXContainerItemProxy */ = {
			isa = PBXContainerItemProxy;
			containerPortal = 7578303420F3163B00159E5F /* SparkKit.xcodeproj */;
			proxyType = 2;
			remoteGlobalIDString = 75F5A9261D1A133A00A17804;
			remoteInfo = "Sparky (iOS)";
		};
		7578304420F3163B00159E5F /* PBXContainerItemProxy */ = {
			isa = PBXContainerItemProxy;
			containerPortal = 7578303420F3163B00159E5F /* SparkKit.xcodeproj */;
			proxyType = 2;
			remoteGlobalIDString = 75543AF01F22A1E70050BAF2;
			remoteInfo = "Sparky TV";
		};
		7578304620F3164900159E5F /* PBXContainerItemProxy */ = {
			isa = PBXContainerItemProxy;
			containerPortal = 7578303420F3163B00159E5F /* SparkKit.xcodeproj */;
			proxyType = 1;
			remoteGlobalIDString = 75971DEE1D138C0400EA65D3;
			remoteInfo = "SparkKit (macOS)";
		};
/* End PBXContainerItemProxy section */

/* Begin PBXFileReference section */
		7504642619E2683F008388F1 /* ILExceptionRecovery.h */ = {isa = PBXFileReference; fileEncoding = 4; lastKnownFileType = sourcecode.c.h; lineEnding = 0; path = ILExceptionRecovery.h; sourceTree = "<group>"; xcLanguageSpecificationIdentifier = xcode.lang.objcpp; };
		7504642719E2683F008388F1 /* ILExceptionRecovery.m */ = {isa = PBXFileReference; fileEncoding = 4; lastKnownFileType = sourcecode.c.objc; lineEnding = 0; path = ILExceptionRecovery.m; sourceTree = "<group>"; xcLanguageSpecificationIdentifier = xcode.lang.objc; };
		7518D82B1A4D5CBE00BA6E23 /* ILReportingApplication.h */ = {isa = PBXFileReference; fileEncoding = 4; lastKnownFileType = sourcecode.c.h; lineEnding = 0; path = ILReportingApplication.h; sourceTree = "<group>"; xcLanguageSpecificationIdentifier = xcode.lang.objcpp; };
		7518D82C1A4D5CBE00BA6E23 /* ILReportingApplication.m */ = {isa = PBXFileReference; fileEncoding = 4; lastKnownFileType = sourcecode.c.objc; lineEnding = 0; path = ILReportingApplication.m; sourceTree = "<group>"; xcLanguageSpecificationIdentifier = xcode.lang.objc; };
		7552D95B21619A69004FF8C8 /* config.yml */ = {isa = PBXFileReference; lastKnownFileType = text; name = config.yml; path = .circleci/config.yml; sourceTree = "<group>"; };
		7552D96421619DC2004FF8C8 /* en */ = {isa = PBXFileReference; lastKnownFileType = text.plist.strings; name = en; path = en.lproj/ReportWindow.strings; sourceTree = "<group>"; };
		7552D96521619DC2004FF8C8 /* es */ = {isa = PBXFileReference; lastKnownFileType = text.plist.strings; name = es; path = es.lproj/ReportWindow.strings; sourceTree = "<group>"; };
		7552D97221619E81004FF8C8 /* crash.py */ = {isa = PBXFileReference; lastKnownFileType = text.script.python; path = crash.py; sourceTree = "<group>"; };
		7552D97321619E81004FF8C8 /* crash.php */ = {isa = PBXFileReference; lastKnownFileType = text.script.php; path = crash.php; sourceTree = "<group>"; };
		7552D98921619EC1004FF8C8 /* ReportWindow.framework */ = {isa = PBXFileReference; explicitFileType = wrapper.framework; includeInIndex = 0; path = ReportWindow.framework; sourceTree = BUILT_PRODUCTS_DIR; };
		7552D99B2161A16A004FF8C8 /* Base */ = {isa = PBXFileReference; lastKnownFileType = file.xib; name = Base; path = Base.lproj/ILReportWindow.xib; sourceTree = "<group>"; };
		7552D99E2161A16F004FF8C8 /* en */ = {isa = PBXFileReference; lastKnownFileType = text.plist.strings; name = en; path = en.lproj/ILReportWindow.strings; sourceTree = "<group>"; };
		7552D9A02161A170004FF8C8 /* es */ = {isa = PBXFileReference; lastKnownFileType = text.plist.strings; name = es; path = es.lproj/ILReportWindow.strings; sourceTree = "<group>"; };
		7578303420F3163B00159E5F /* SparkKit.xcodeproj */ = {isa = PBXFileReference; lastKnownFileType = "wrapper.pb-project"; name = SparkKit.xcodeproj; path = ../SparkKit/SparkKit.xcodeproj; sourceTree = "<group>"; };
		758ADC6619C622FD007C9194 /* README.md */ = {isa = PBXFileReference; lastKnownFileType = text; lineEnding = 0; path = README.md; sourceTree = "<group>"; xcLanguageSpecificationIdentifier = xcode.lang.markdown; };
		75A2DEBE1F76F9E800BFE0B2 /* ILReportWindow.m */ = {isa = PBXFileReference; fileEncoding = 4; lastKnownFileType = sourcecode.c.objc; path = ILReportWindow.m; sourceTree = "<group>"; };
		75A2DEBF1F76F9E900BFE0B2 /* ILReportWindow.h */ = {isa = PBXFileReference; fileEncoding = 4; lastKnownFileType = sourcecode.c.h; path = ILReportWindow.h; sourceTree = "<group>"; };
		75AF8E6519A8F5AC003D7B46 /* ReportWindow.framework */ = {isa = PBXFileReference; explicitFileType = wrapper.framework; includeInIndex = 0; path = ReportWindow.framework; sourceTree = BUILT_PRODUCTS_DIR; };
		75AF8E6919A8F5AC003D7B46 /* Info.plist */ = {isa = PBXFileReference; lastKnownFileType = text.plist.xml; path = Info.plist; sourceTree = "<group>"; };
		75AF8E6A19A8F5AC003D7B46 /* ReportWindow.h */ = {isa = PBXFileReference; lastKnownFileType = sourcecode.c.h; path = ReportWindow.h; sourceTree = "<group>"; };
		75D2C058216C69E8005B4D5C /* crash.js */ = {isa = PBXFileReference; lastKnownFileType = sourcecode.javascript; path = crash.js; sourceTree = "<group>"; };
		75DF1AC620796FCC0026BBD8 /* Base */ = {isa = PBXFileReference; lastKnownFileType = file.xib; name = Base; path = Base.lproj/ILReportWindow.xib; sourceTree = "<group>"; };
		75DF1AC8207970250026BBD8 /* en */ = {isa = PBXFileReference; fileEncoding = 4; lastKnownFileType = text.plist.strings; name = en; path = en.lproj/ILReportWindow.strings; sourceTree = "<group>"; };
		75DF1ACA207970270026BBD8 /* es */ = {isa = PBXFileReference; fileEncoding = 4; lastKnownFileType = text.plist.strings; name = es; path = es.lproj/ILReportWindow.strings; sourceTree = "<group>"; };
/* End PBXFileReference section */

/* Begin PBXFrameworksBuildPhase section */
		7552D97B21619EC1004FF8C8 /* Frameworks */ = {
			isa = PBXFrameworksBuildPhase;
			buildActionMask = 2147483647;
			files = (
				7552D99321619EEC004FF8C8 /* SparkKit.framework in Frameworks */,
			);
			runOnlyForDeploymentPostprocessing = 0;
		};
		75AF8E6119A8F5AC003D7B46 /* Frameworks */ = {
			isa = PBXFrameworksBuildPhase;
			buildActionMask = 2147483647;
			files = (
				7578304820F316B400159E5F /* SparkKit.framework in Frameworks */,
			);
			runOnlyForDeploymentPostprocessing = 0;
		};
/* End PBXFrameworksBuildPhase section */

/* Begin PBXGroup section */
		7552D95621619A49004FF8C8 /* Packaging */ = {
			isa = PBXGroup;
			children = (
				7552D95B21619A69004FF8C8 /* config.yml */,
			);
			name = Packaging;
			sourceTree = "<group>";
		};
		7552D96221619DC2004FF8C8 /* Resources */ = {
			isa = PBXGroup;
			children = (
				75AF8E6919A8F5AC003D7B46 /* Info.plist */,
				7552D96321619DC2004FF8C8 /* ReportWindow.strings */,
			);
			path = Resources;
			sourceTree = "<group>";
		};
		7552D97121619E81004FF8C8 /* cgi-bin */ = {
			isa = PBXGroup;
			children = (
				7552D97221619E81004FF8C8 /* crash.py */,
				7552D97321619E81004FF8C8 /* crash.php */,
				75D2C058216C69E8005B4D5C /* crash.js */,
			);
			path = "cgi-bin";
			sourceTree = "<group>";
		};
		7565732220F91F3D00CAA0A4 /* iOS */ = {
			isa = PBXGroup;
			children = (
				7552D99C2161A16A004FF8C8 /* ILReportWindow.xib */,
			);
			path = iOS;
			sourceTree = "<group>";
		};
		7565732320F91F4800CAA0A4 /* macOS */ = {
			isa = PBXGroup;
			children = (
				75DF1AC320796FAE0026BBD8 /* ILReportWindow.xib */,
			);
			path = macOS;
			sourceTree = "<group>";
		};
		7578303520F3163B00159E5F /* Products */ = {
			isa = PBXGroup;
			children = (
				7578303D20F3163B00159E5F /* SparkKit.framework */,
				7578304120F3163B00159E5F /* SparkKit.framework */,
				7578303F20F3163B00159E5F /* Sparky.app */,
				7578304320F3163B00159E5F /* Sparky.app */,
				7578304520F3163B00159E5F /* Sparky TV.app */,
			);
			name = Products;
			sourceTree = "<group>";
		};
		75AF8E5919A8F55E003D7B46 = {
			isa = PBXGroup;
			children = (
				758ADC6619C622FD007C9194 /* README.md */,
				75AF8E6719A8F5AC003D7B46 /* ReportWindow */,
				7552D96221619DC2004FF8C8 /* Resources */,
				7565732320F91F4800CAA0A4 /* macOS */,
				7565732220F91F3D00CAA0A4 /* iOS */,
				7552D97121619E81004FF8C8 /* cgi-bin */,
				75AF8E8619A8F658003D7B46 /* Frameworks */,
				75AF8E6619A8F5AC003D7B46 /* Products */,
				7552D95621619A49004FF8C8 /* Packaging */,
			);
			sourceTree = "<group>";
		};
		75AF8E6619A8F5AC003D7B46 /* Products */ = {
			isa = PBXGroup;
			children = (
				75AF8E6519A8F5AC003D7B46 /* ReportWindow.framework */,
				7552D98921619EC1004FF8C8 /* ReportWindow.framework */,
			);
			name = Products;
			sourceTree = "<group>";
		};
		75AF8E6719A8F5AC003D7B46 /* ReportWindow */ = {
			isa = PBXGroup;
			children = (
				75AF8E6A19A8F5AC003D7B46 /* ReportWindow.h */,
				75A2DEBF1F76F9E900BFE0B2 /* ILReportWindow.h */,
				75A2DEBE1F76F9E800BFE0B2 /* ILReportWindow.m */,
				7504642619E2683F008388F1 /* ILExceptionRecovery.h */,
				7504642719E2683F008388F1 /* ILExceptionRecovery.m */,
				7518D82B1A4D5CBE00BA6E23 /* ILReportingApplication.h */,
				7518D82C1A4D5CBE00BA6E23 /* ILReportingApplication.m */,
			);
			path = ReportWindow;
			sourceTree = "<group>";
		};
		75AF8E8619A8F658003D7B46 /* Frameworks */ = {
			isa = PBXGroup;
			children = (
				7578303420F3163B00159E5F /* SparkKit.xcodeproj */,
			);
			name = Frameworks;
			sourceTree = "<group>";
		};
/* End PBXGroup section */

/* Begin PBXHeadersBuildPhase section */
		7552D97D21619EC1004FF8C8 /* Headers */ = {
			isa = PBXHeadersBuildPhase;
			buildActionMask = 2147483647;
			files = (
				7552D97E21619EC1004FF8C8 /* ReportWindow.h in Headers */,
				7552D97F21619EC1004FF8C8 /* ILReportWindow.h in Headers */,
				7552D98021619EC1004FF8C8 /* ILExceptionRecovery.h in Headers */,
				7552D98121619EC1004FF8C8 /* ILReportingApplication.h in Headers */,
			);
			runOnlyForDeploymentPostprocessing = 0;
		};
		75AF8E6219A8F5AC003D7B46 /* Headers */ = {
			isa = PBXHeadersBuildPhase;
			buildActionMask = 2147483647;
			files = (
				75AF8E6B19A8F5AC003D7B46 /* ReportWindow.h in Headers */,
				75A2DEC11F76F9E900BFE0B2 /* ILReportWindow.h in Headers */,
				7504642819E2683F008388F1 /* ILExceptionRecovery.h in Headers */,
				7518D82D1A4D5CBE00BA6E23 /* ILReportingApplication.h in Headers */,
			);
			runOnlyForDeploymentPostprocessing = 0;
		};
/* End PBXHeadersBuildPhase section */

/* Begin PBXNativeTarget section */
		7552D97421619EC1004FF8C8 /* ReportWindow (iOS) */ = {
			isa = PBXNativeTarget;
			buildConfigurationList = 7552D98621619EC1004FF8C8 /* Build configuration list for PBXNativeTarget "ReportWindow (iOS)" */;
			buildPhases = (
				7552D97721619EC1004FF8C8 /* Sources */,
				7552D97B21619EC1004FF8C8 /* Frameworks */,
				7552D97D21619EC1004FF8C8 /* Headers */,
				7552D98221619EC1004FF8C8 /* Resources */,
			);
			buildRules = (
				7552D98521619EC1004FF8C8 /* PBXBuildRule */,
			);
			dependencies = (
				7552D98E21619EE5004FF8C8 /* PBXTargetDependency */,
			);
			name = "ReportWindow (iOS)";
			productName = CrashReportWindow;
			productReference = 7552D98921619EC1004FF8C8 /* ReportWindow.framework */;
			productType = "com.apple.product-type.framework";
		};
		75AF8E6419A8F5AC003D7B46 /* ReportWindow (macOS) */ = {
			isa = PBXNativeTarget;
			buildConfigurationList = 75AF8E7A19A8F5AC003D7B46 /* Build configuration list for PBXNativeTarget "ReportWindow (macOS)" */;
			buildPhases = (
				75AF8E6019A8F5AC003D7B46 /* Sources */,
				75AF8E6119A8F5AC003D7B46 /* Frameworks */,
				75AF8E6219A8F5AC003D7B46 /* Headers */,
				75AF8E6319A8F5AC003D7B46 /* Resources */,
			);
			buildRules = (
				75D696FA19B58880005FE4FF /* PBXBuildRule */,
			);
			dependencies = (
				7578304720F3164900159E5F /* PBXTargetDependency */,
			);
			name = "ReportWindow (macOS)";
			productName = CrashReportWindow;
			productReference = 75AF8E6519A8F5AC003D7B46 /* ReportWindow.framework */;
			productType = "com.apple.product-type.framework";
		};
/* End PBXNativeTarget section */

/* Begin PBXProject section */
		75AF8E5A19A8F55E003D7B46 /* Project object */ = {
			isa = PBXProject;
			attributes = {
				LastUpgradeCheck = 1000;
				TargetAttributes = {
					75AF8E6419A8F5AC003D7B46 = {
						CreatedOnToolsVersion = 6.0;
					};
				};
			};
			buildConfigurationList = 75AF8E5D19A8F55E003D7B46 /* Build configuration list for PBXProject "ReportWindow" */;
			compatibilityVersion = "Xcode 3.2";
			developmentRegion = English;
			hasScannedForEncodings = 0;
			knownRegions = (
				en,
				es,
				Base,
			);
			mainGroup = 75AF8E5919A8F55E003D7B46;
			productRefGroup = 75AF8E6619A8F5AC003D7B46 /* Products */;
			projectDirPath = "";
			projectReferences = (
				{
					ProductGroup = 7578303520F3163B00159E5F /* Products */;
					ProjectRef = 7578303420F3163B00159E5F /* SparkKit.xcodeproj */;
				},
			);
			projectRoot = "";
			targets = (
				7552D97421619EC1004FF8C8 /* ReportWindow (iOS) */,
				75AF8E6419A8F5AC003D7B46 /* ReportWindow (macOS) */,
			);
		};
/* End PBXProject section */

/* Begin PBXReferenceProxy section */
		7578303D20F3163B00159E5F /* SparkKit.framework */ = {
			isa = PBXReferenceProxy;
			fileType = wrapper.framework;
			path = SparkKit.framework;
			remoteRef = 7578303C20F3163B00159E5F /* PBXContainerItemProxy */;
			sourceTree = BUILT_PRODUCTS_DIR;
		};
		7578303F20F3163B00159E5F /* Sparky.app */ = {
			isa = PBXReferenceProxy;
			fileType = wrapper.application;
			path = Sparky.app;
			remoteRef = 7578303E20F3163B00159E5F /* PBXContainerItemProxy */;
			sourceTree = BUILT_PRODUCTS_DIR;
		};
		7578304120F3163B00159E5F /* SparkKit.framework */ = {
			isa = PBXReferenceProxy;
			fileType = wrapper.framework;
			path = SparkKit.framework;
			remoteRef = 7578304020F3163B00159E5F /* PBXContainerItemProxy */;
			sourceTree = BUILT_PRODUCTS_DIR;
		};
		7578304320F3163B00159E5F /* Sparky.app */ = {
			isa = PBXReferenceProxy;
			fileType = wrapper.application;
			path = Sparky.app;
			remoteRef = 7578304220F3163B00159E5F /* PBXContainerItemProxy */;
			sourceTree = BUILT_PRODUCTS_DIR;
		};
		7578304520F3163B00159E5F /* Sparky TV.app */ = {
			isa = PBXReferenceProxy;
			fileType = wrapper.application;
			path = "Sparky TV.app";
			remoteRef = 7578304420F3163B00159E5F /* PBXContainerItemProxy */;
			sourceTree = BUILT_PRODUCTS_DIR;
		};
/* End PBXReferenceProxy section */

/* Begin PBXResourcesBuildPhase section */
		7552D98221619EC1004FF8C8 /* Resources */ = {
			isa = PBXResourcesBuildPhase;
			buildActionMask = 2147483647;
			files = (
				7552D99A2161A16A004FF8C8 /* ILReportWindow.xib in Resources */,
				7552D98321619EC1004FF8C8 /* ReportWindow.strings in Resources */,
			);
			runOnlyForDeploymentPostprocessing = 0;
		};
		75AF8E6319A8F5AC003D7B46 /* Resources */ = {
			isa = PBXResourcesBuildPhase;
			buildActionMask = 2147483647;
			files = (
				7552D96621619DC3004FF8C8 /* ReportWindow.strings in Resources */,
				75DF1AC520796FAE0026BBD8 /* ILReportWindow.xib in Resources */,
			);
			runOnlyForDeploymentPostprocessing = 0;
		};
/* End PBXResourcesBuildPhase section */

/* Begin PBXSourcesBuildPhase section */
		7552D97721619EC1004FF8C8 /* Sources */ = {
			isa = PBXSourcesBuildPhase;
			buildActionMask = 2147483647;
			files = (
				7552D97821619EC1004FF8C8 /* ILExceptionRecovery.m in Sources */,
				7552D97921619EC1004FF8C8 /* ILReportWindow.m in Sources */,
				7552D97A21619EC1004FF8C8 /* ILReportingApplication.m in Sources */,
			);
			runOnlyForDeploymentPostprocessing = 0;
		};
		75AF8E6019A8F5AC003D7B46 /* Sources */ = {
			isa = PBXSourcesBuildPhase;
			buildActionMask = 2147483647;
			files = (
				7504642919E2683F008388F1 /* ILExceptionRecovery.m in Sources */,
				75A2DEC01F76F9E900BFE0B2 /* ILReportWindow.m in Sources */,
				7518D82E1A4D5CBE00BA6E23 /* ILReportingApplication.m in Sources */,
			);
			runOnlyForDeploymentPostprocessing = 0;
		};
/* End PBXSourcesBuildPhase section */

/* Begin PBXTargetDependency section */
		7552D98E21619EE5004FF8C8 /* PBXTargetDependency */ = {
			isa = PBXTargetDependency;
			name = "SparkKit (iOS)";
			targetProxy = 7552D98D21619EE5004FF8C8 /* PBXContainerItemProxy */;
		};
		7578304720F3164900159E5F /* PBXTargetDependency */ = {
			isa = PBXTargetDependency;
			name = "SparkKit (macOS)";
			targetProxy = 7578304620F3164900159E5F /* PBXContainerItemProxy */;
		};
/* End PBXTargetDependency section */

/* Begin PBXVariantGroup section */
		7552D96321619DC2004FF8C8 /* ReportWindow.strings */ = {
			isa = PBXVariantGroup;
			children = (
				7552D96421619DC2004FF8C8 /* en */,
				7552D96521619DC2004FF8C8 /* es */,
			);
			name = ReportWindow.strings;
			sourceTree = "<group>";
		};
		7552D99C2161A16A004FF8C8 /* ILReportWindow.xib */ = {
			isa = PBXVariantGroup;
			children = (
				7552D99B2161A16A004FF8C8 /* Base */,
				7552D99E2161A16F004FF8C8 /* en */,
				7552D9A02161A170004FF8C8 /* es */,
			);
			name = ILReportWindow.xib;
			sourceTree = "<group>";
		};
		75DF1AC320796FAE0026BBD8 /* ILReportWindow.xib */ = {
			isa = PBXVariantGroup;
			children = (
				75DF1AC620796FCC0026BBD8 /* Base */,
				75DF1AC8207970250026BBD8 /* en */,
				75DF1ACA207970270026BBD8 /* es */,
			);
			name = ILReportWindow.xib;
			sourceTree = "<group>";
		};
/* End PBXVariantGroup section */

/* Begin XCBuildConfiguration section */
		7552D98721619EC1004FF8C8 /* Debug */ = {
			isa = XCBuildConfiguration;
			buildSettings = {
				ALWAYS_SEARCH_USER_PATHS = NO;
				CLANG_CXX_LANGUAGE_STANDARD = "gnu++0x";
				CLANG_CXX_LIBRARY = "libc++";
				CLANG_ENABLE_OBJC_ARC = YES;
				CLANG_WARN_BOOL_CONVERSION = YES;
				CLANG_WARN_CONSTANT_CONVERSION = YES;
				CLANG_WARN_DIRECT_OBJC_ISA_USAGE = YES_ERROR;
				CLANG_WARN_EMPTY_BODY = YES;
				CLANG_WARN_ENUM_CONVERSION = YES;
				CLANG_WARN_INT_CONVERSION = YES;
				CLANG_WARN_OBJC_ROOT_CLASS = YES_ERROR;
				CLANG_WARN_UNREACHABLE_CODE = YES;
				CLANG_WARN__DUPLICATE_METHOD_MATCH = YES;
				COMBINE_HIDPI_IMAGES = YES;
				COPY_PHASE_STRIP = NO;
				CURRENT_PROJECT_VERSION = 1;
				DEFINES_MODULE = YES;
				DYLIB_COMPATIBILITY_VERSION = 1;
				DYLIB_CURRENT_VERSION = 1;
				DYLIB_INSTALL_NAME_BASE = "@rpath";
				ENABLE_STRICT_OBJC_MSGSEND = YES;
				FRAMEWORK_VERSION = A;
				GCC_C_LANGUAGE_STANDARD = gnu99;
				GCC_DYNAMIC_NO_PIC = NO;
				GCC_OPTIMIZATION_LEVEL = 0;
				GCC_PREPROCESSOR_DEFINITIONS = (
					"DEBUG=1",
					"$(inherited)",
				);
				GCC_SYMBOLS_PRIVATE_EXTERN = NO;
				GCC_WARN_64_TO_32_BIT_CONVERSION = YES;
				GCC_WARN_ABOUT_RETURN_TYPE = YES_ERROR;
				GCC_WARN_UNDECLARED_SELECTOR = YES;
				GCC_WARN_UNINITIALIZED_AUTOS = YES_AGGRESSIVE;
				GCC_WARN_UNUSED_FUNCTION = YES;
				GCC_WARN_UNUSED_VARIABLE = YES;
				INFOPLIST_FILE = Resources/Info.plist;
				INSTALL_PATH = "$(LOCAL_LIBRARY_DIR)/Frameworks";
				LD_RUNPATH_SEARCH_PATHS = "$(inherited) @executable_path/../Frameworks @loader_path/Frameworks";
				MTL_ENABLE_DEBUG_INFO = YES;
				ONLY_ACTIVE_ARCH = YES;
				PRODUCT_BUNDLE_IDENTIFIER = "net.istumbler.$(PRODUCT_NAME:rfc1034identifier)";
				PRODUCT_NAME = ReportWindow;
				SDKROOT = iphoneos;
				SKIP_INSTALL = YES;
				VERSIONING_SYSTEM = "apple-generic";
				VERSION_INFO_PREFIX = "";
			};
			name = Debug;
		};
		7552D98821619EC1004FF8C8 /* Release */ = {
			isa = XCBuildConfiguration;
			buildSettings = {
				ALWAYS_SEARCH_USER_PATHS = NO;
				CLANG_CXX_LANGUAGE_STANDARD = "gnu++0x";
				CLANG_CXX_LIBRARY = "libc++";
				CLANG_ENABLE_OBJC_ARC = YES;
				CLANG_WARN_BOOL_CONVERSION = YES;
				CLANG_WARN_CONSTANT_CONVERSION = YES;
				CLANG_WARN_DIRECT_OBJC_ISA_USAGE = YES_ERROR;
				CLANG_WARN_EMPTY_BODY = YES;
				CLANG_WARN_ENUM_CONVERSION = YES;
				CLANG_WARN_INT_CONVERSION = YES;
				CLANG_WARN_OBJC_ROOT_CLASS = YES_ERROR;
				CLANG_WARN_UNREACHABLE_CODE = YES;
				CLANG_WARN__DUPLICATE_METHOD_MATCH = YES;
				COMBINE_HIDPI_IMAGES = YES;
				COPY_PHASE_STRIP = YES;
				CURRENT_PROJECT_VERSION = 1;
				DEBUG_INFORMATION_FORMAT = "dwarf-with-dsym";
				DEFINES_MODULE = YES;
				DYLIB_COMPATIBILITY_VERSION = 1;
				DYLIB_CURRENT_VERSION = 1;
				DYLIB_INSTALL_NAME_BASE = "@rpath";
				ENABLE_NS_ASSERTIONS = NO;
				ENABLE_STRICT_OBJC_MSGSEND = YES;
				FRAMEWORK_VERSION = A;
				GCC_C_LANGUAGE_STANDARD = gnu99;
				GCC_WARN_64_TO_32_BIT_CONVERSION = YES;
				GCC_WARN_ABOUT_RETURN_TYPE = YES_ERROR;
				GCC_WARN_UNDECLARED_SELECTOR = YES;
				GCC_WARN_UNINITIALIZED_AUTOS = YES_AGGRESSIVE;
				GCC_WARN_UNUSED_FUNCTION = YES;
				GCC_WARN_UNUSED_VARIABLE = YES;
				INFOPLIST_FILE = Resources/Info.plist;
				INSTALL_PATH = "$(LOCAL_LIBRARY_DIR)/Frameworks";
				LD_RUNPATH_SEARCH_PATHS = "$(inherited) @executable_path/../Frameworks @loader_path/Frameworks";
				MTL_ENABLE_DEBUG_INFO = NO;
				PRODUCT_BUNDLE_IDENTIFIER = "net.istumbler.$(PRODUCT_NAME:rfc1034identifier)";
				PRODUCT_NAME = ReportWindow;
				SDKROOT = iphoneos;
				SKIP_INSTALL = YES;
				VERSIONING_SYSTEM = "apple-generic";
				VERSION_INFO_PREFIX = "";
			};
			name = Release;
		};
		75AF8E5E19A8F55E003D7B46 /* Debug */ = {
			isa = XCBuildConfiguration;
			buildSettings = {
				ALWAYS_SEARCH_USER_PATHS = NO;
				CLANG_ANALYZER_LOCALIZABILITY_NONLOCALIZED = YES;
				CLANG_ENABLE_MODULES = YES;
				CLANG_WARN_BLOCK_CAPTURE_AUTORELEASING = YES;
				CLANG_WARN_BOOL_CONVERSION = YES;
				CLANG_WARN_COMMA = YES;
				CLANG_WARN_CONSTANT_CONVERSION = YES;
				CLANG_WARN_DEPRECATED_OBJC_IMPLEMENTATIONS = YES;
				CLANG_WARN_EMPTY_BODY = YES;
				CLANG_WARN_ENUM_CONVERSION = YES;
				CLANG_WARN_INFINITE_RECURSION = YES;
				CLANG_WARN_INT_CONVERSION = YES;
				CLANG_WARN_NON_LITERAL_NULL_CONVERSION = YES;
				CLANG_WARN_OBJC_IMPLICIT_RETAIN_SELF = YES;
				CLANG_WARN_OBJC_LITERAL_CONVERSION = YES;
				CLANG_WARN_RANGE_LOOP_ANALYSIS = YES;
				CLANG_WARN_STRICT_PROTOTYPES = YES;
				CLANG_WARN_SUSPICIOUS_MOVE = YES;
				CLANG_WARN_UNREACHABLE_CODE = YES;
				CLANG_WARN__DUPLICATE_METHOD_MATCH = YES;
				ENABLE_STRICT_OBJC_MSGSEND = YES;
				ENABLE_TESTABILITY = YES;
				GCC_NO_COMMON_BLOCKS = YES;
				GCC_WARN_64_TO_32_BIT_CONVERSION = YES;
				GCC_WARN_ABOUT_RETURN_TYPE = YES;
				GCC_WARN_UNDECLARED_SELECTOR = YES;
				GCC_WARN_UNINITIALIZED_AUTOS = YES;
				GCC_WARN_UNUSED_FUNCTION = YES;
				GCC_WARN_UNUSED_VARIABLE = YES;
				MACOSX_DEPLOYMENT_TARGET = 10.10;
				ONLY_ACTIVE_ARCH = YES;
			};
			name = Debug;
		};
		75AF8E5F19A8F55E003D7B46 /* Release */ = {
			isa = XCBuildConfiguration;
			buildSettings = {
				ALWAYS_SEARCH_USER_PATHS = NO;
				CLANG_ANALYZER_LOCALIZABILITY_NONLOCALIZED = YES;
				CLANG_ENABLE_MODULES = YES;
				CLANG_WARN_BLOCK_CAPTURE_AUTORELEASING = YES;
				CLANG_WARN_BOOL_CONVERSION = YES;
				CLANG_WARN_COMMA = YES;
				CLANG_WARN_CONSTANT_CONVERSION = YES;
				CLANG_WARN_DEPRECATED_OBJC_IMPLEMENTATIONS = YES;
				CLANG_WARN_EMPTY_BODY = YES;
				CLANG_WARN_ENUM_CONVERSION = YES;
				CLANG_WARN_INFINITE_RECURSION = YES;
				CLANG_WARN_INT_CONVERSION = YES;
				CLANG_WARN_NON_LITERAL_NULL_CONVERSION = YES;
				CLANG_WARN_OBJC_IMPLICIT_RETAIN_SELF = YES;
				CLANG_WARN_OBJC_LITERAL_CONVERSION = YES;
				CLANG_WARN_RANGE_LOOP_ANALYSIS = YES;
				CLANG_WARN_STRICT_PROTOTYPES = YES;
				CLANG_WARN_SUSPICIOUS_MOVE = YES;
				CLANG_WARN_UNREACHABLE_CODE = YES;
				CLANG_WARN__DUPLICATE_METHOD_MATCH = YES;
				ENABLE_STRICT_OBJC_MSGSEND = YES;
				GCC_NO_COMMON_BLOCKS = YES;
				GCC_WARN_64_TO_32_BIT_CONVERSION = YES;
				GCC_WARN_ABOUT_RETURN_TYPE = YES;
				GCC_WARN_UNDECLARED_SELECTOR = YES;
				GCC_WARN_UNINITIALIZED_AUTOS = YES;
				GCC_WARN_UNUSED_FUNCTION = YES;
				GCC_WARN_UNUSED_VARIABLE = YES;
				MACOSX_DEPLOYMENT_TARGET = 10.10;
			};
			name = Release;
		};
		75AF8E7619A8F5AC003D7B46 /* Debug */ = {
			isa = XCBuildConfiguration;
			buildSettings = {
				ALWAYS_SEARCH_USER_PATHS = NO;
				CLANG_CXX_LANGUAGE_STANDARD = "gnu++0x";
				CLANG_CXX_LIBRARY = "libc++";
				CLANG_ENABLE_OBJC_ARC = YES;
				CLANG_WARN_BOOL_CONVERSION = YES;
				CLANG_WARN_CONSTANT_CONVERSION = YES;
				CLANG_WARN_DIRECT_OBJC_ISA_USAGE = YES_ERROR;
				CLANG_WARN_EMPTY_BODY = YES;
				CLANG_WARN_ENUM_CONVERSION = YES;
				CLANG_WARN_INT_CONVERSION = YES;
				CLANG_WARN_OBJC_ROOT_CLASS = YES_ERROR;
				CLANG_WARN_UNREACHABLE_CODE = YES;
				CLANG_WARN__DUPLICATE_METHOD_MATCH = YES;
				COMBINE_HIDPI_IMAGES = YES;
				COPY_PHASE_STRIP = NO;
				CURRENT_PROJECT_VERSION = 1;
				DEFINES_MODULE = YES;
				DYLIB_COMPATIBILITY_VERSION = 1;
				DYLIB_CURRENT_VERSION = 1;
				DYLIB_INSTALL_NAME_BASE = "@rpath";
				ENABLE_STRICT_OBJC_MSGSEND = YES;
				FRAMEWORK_VERSION = A;
				GCC_C_LANGUAGE_STANDARD = gnu99;
				GCC_DYNAMIC_NO_PIC = NO;
				GCC_OPTIMIZATION_LEVEL = 0;
				GCC_PREPROCESSOR_DEFINITIONS = (
					"DEBUG=1",
					"$(inherited)",
				);
				GCC_SYMBOLS_PRIVATE_EXTERN = NO;
				GCC_WARN_64_TO_32_BIT_CONVERSION = YES;
				GCC_WARN_ABOUT_RETURN_TYPE = YES_ERROR;
				GCC_WARN_UNDECLARED_SELECTOR = YES;
				GCC_WARN_UNINITIALIZED_AUTOS = YES_AGGRESSIVE;
				GCC_WARN_UNUSED_FUNCTION = YES;
				GCC_WARN_UNUSED_VARIABLE = YES;
				INFOPLIST_FILE = Resources/Info.plist;
				INSTALL_PATH = "$(LOCAL_LIBRARY_DIR)/Frameworks";
				LD_RUNPATH_SEARCH_PATHS = "$(inherited) @executable_path/../Frameworks @loader_path/Frameworks";
				MTL_ENABLE_DEBUG_INFO = YES;
				ONLY_ACTIVE_ARCH = YES;
				PRODUCT_BUNDLE_IDENTIFIER = "net.istumbler.$(PRODUCT_NAME:rfc1034identifier)";
				PRODUCT_NAME = ReportWindow;
				SDKROOT = macosx;
				SKIP_INSTALL = YES;
				VERSIONING_SYSTEM = "apple-generic";
				VERSION_INFO_PREFIX = "";
			};
			name = Debug;
		};
		75AF8E7719A8F5AC003D7B46 /* Release */ = {
			isa = XCBuildConfiguration;
			buildSettings = {
				ALWAYS_SEARCH_USER_PATHS = NO;
				CLANG_CXX_LANGUAGE_STANDARD = "gnu++0x";
				CLANG_CXX_LIBRARY = "libc++";
				CLANG_ENABLE_OBJC_ARC = YES;
				CLANG_WARN_BOOL_CONVERSION = YES;
				CLANG_WARN_CONSTANT_CONVERSION = YES;
				CLANG_WARN_DIRECT_OBJC_ISA_USAGE = YES_ERROR;
				CLANG_WARN_EMPTY_BODY = YES;
				CLANG_WARN_ENUM_CONVERSION = YES;
				CLANG_WARN_INT_CONVERSION = YES;
				CLANG_WARN_OBJC_ROOT_CLASS = YES_ERROR;
				CLANG_WARN_UNREACHABLE_CODE = YES;
				CLANG_WARN__DUPLICATE_METHOD_MATCH = YES;
				COMBINE_HIDPI_IMAGES = YES;
				COPY_PHASE_STRIP = YES;
				CURRENT_PROJECT_VERSION = 1;
				DEBUG_INFORMATION_FORMAT = "dwarf-with-dsym";
				DEFINES_MODULE = YES;
				DYLIB_COMPATIBILITY_VERSION = 1;
				DYLIB_CURRENT_VERSION = 1;
				DYLIB_INSTALL_NAME_BASE = "@rpath";
				ENABLE_NS_ASSERTIONS = NO;
				ENABLE_STRICT_OBJC_MSGSEND = YES;
				FRAMEWORK_VERSION = A;
				GCC_C_LANGUAGE_STANDARD = gnu99;
				GCC_WARN_64_TO_32_BIT_CONVERSION = YES;
				GCC_WARN_ABOUT_RETURN_TYPE = YES_ERROR;
				GCC_WARN_UNDECLARED_SELECTOR = YES;
				GCC_WARN_UNINITIALIZED_AUTOS = YES_AGGRESSIVE;
				GCC_WARN_UNUSED_FUNCTION = YES;
				GCC_WARN_UNUSED_VARIABLE = YES;
				INFOPLIST_FILE = Resources/Info.plist;
				INSTALL_PATH = "$(LOCAL_LIBRARY_DIR)/Frameworks";
				LD_RUNPATH_SEARCH_PATHS = "$(inherited) @executable_path/../Frameworks @loader_path/Frameworks";
				MTL_ENABLE_DEBUG_INFO = NO;
				PRODUCT_BUNDLE_IDENTIFIER = "net.istumbler.$(PRODUCT_NAME:rfc1034identifier)";
				PRODUCT_NAME = ReportWindow;
				SDKROOT = macosx;
				SKIP_INSTALL = YES;
				VERSIONING_SYSTEM = "apple-generic";
				VERSION_INFO_PREFIX = "";
			};
			name = Release;
		};
/* End XCBuildConfiguration section */

/* Begin XCConfigurationList section */
		7552D98621619EC1004FF8C8 /* Build configuration list for PBXNativeTarget "ReportWindow (iOS)" */ = {
			isa = XCConfigurationList;
			buildConfigurations = (
				7552D98721619EC1004FF8C8 /* Debug */,
				7552D98821619EC1004FF8C8 /* Release */,
			);
			defaultConfigurationIsVisible = 0;
			defaultConfigurationName = Release;
		};
		75AF8E5D19A8F55E003D7B46 /* Build configuration list for PBXProject "ReportWindow" */ = {
			isa = XCConfigurationList;
			buildConfigurations = (
				75AF8E5E19A8F55E003D7B46 /* Debug */,
				75AF8E5F19A8F55E003D7B46 /* Release */,
			);
			defaultConfigurationIsVisible = 0;
			defaultConfigurationName = Release;
		};
		75AF8E7A19A8F5AC003D7B46 /* Build configuration list for PBXNativeTarget "ReportWindow (macOS)" */ = {
			isa = XCConfigurationList;
			buildConfigurations = (
				75AF8E7619A8F5AC003D7B46 /* Debug */,
				75AF8E7719A8F5AC003D7B46 /* Release */,
			);
			defaultConfigurationIsVisible = 0;
			defaultConfigurationName = Release;
		};
/* End XCConfigurationList section */
	};
	rootObject = 75AF8E5A19A8F55E003D7B46 /* Project object */;
}
